
Microsoft Visual Studio Solution File, Format Version 12.00
# Visual Studio Version 16
VisualStudioVersion = 16.0.29519.181
MinimumVisualStudioVersion = 10.0.40219.1
Project("{9A19103F-16F7-4668-BE54-9A1E7A4F7556}") = "Seng.Game.Business", "Seng.Game.Business\Seng.Game.Business.csproj", "{FAB73E7E-662C-42E2-95D1-63E88A7DA7BC}"
EndProject
Project("{9A19103F-16F7-4668-BE54-9A1E7A4F7556}") = "Seng.Game.Desktop", "Seng.Game.Desktop\Seng.Game.Desktop.csproj", "{8EAF0DFE-002D-4B7D-8493-483857873209}"
EndProject
Project("{9A19103F-16F7-4668-BE54-9A1E7A4F7556}") = "Seng.Game.Infrastructure", "Seng.Game.Infrastructure\Seng.Game.Infrastructure.csproj", "{94DC9C61-1CD3-48BA-A3CB-983F556D4372}"
EndProject
Project("{9A19103F-16F7-4668-BE54-9A1E7A4F7556}") = "Seng.Game.Examples", "Seng.Game.Examples\Seng.Game.Examples.csproj", "{127BB308-D579-477D-B8DA-3525082ABA1A}"
EndProject
Project("{9A19103F-16F7-4668-BE54-9A1E7A4F7556}") = "Seng.Common.Entities", "Seng.Common.Entities\Seng.Common.Entities.csproj", "{1A597C8C-98A1-4517-9CB2-9FE805BBFB5A}"
EndProject
Project("{FAE04EC0-301F-11D3-BF4B-00C04F79EFBC}") = "Seng.Web.Api", "Seng.Web.Api\Seng.Web.Api.csproj", "{CA32ABD1-963B-4F0A-825E-0E0484E06D34}"
EndProject
Project("{FAE04EC0-301F-11D3-BF4B-00C04F79EFBC}") = "Seng.Web.Infrastructure", "Seng.Web.Infrastructure\Seng.Web.Infrastructure.csproj", "{088D5849-FD7B-4A16-81A6-3A82D2E313E0}"
EndProject
Project("{FAE04EC0-301F-11D3-BF4B-00C04F79EFBC}") = "Seng.Web.Business", "Seng.Web.Business\Seng.Web.Business.csproj", "{4D88057C-8E75-4982-A01B-737E79D485B0}"
EndProject
Global
	GlobalSection(SolutionConfigurationPlatforms) = preSolution
		Debug|Any CPU = Debug|Any CPU
		Release|Any CPU = Release|Any CPU
	EndGlobalSection
	GlobalSection(ProjectConfigurationPlatforms) = postSolution
		{FAB73E7E-662C-42E2-95D1-63E88A7DA7BC}.Debug|Any CPU.ActiveCfg = Debug|Any CPU
		{FAB73E7E-662C-42E2-95D1-63E88A7DA7BC}.Debug|Any CPU.Build.0 = Debug|Any CPU
		{FAB73E7E-662C-42E2-95D1-63E88A7DA7BC}.Release|Any CPU.ActiveCfg = Release|Any CPU
		{FAB73E7E-662C-42E2-95D1-63E88A7DA7BC}.Release|Any CPU.Build.0 = Release|Any CPU
		{8EAF0DFE-002D-4B7D-8493-483857873209}.Debug|Any CPU.ActiveCfg = Debug|Any CPU
		{8EAF0DFE-002D-4B7D-8493-483857873209}.Debug|Any CPU.Build.0 = Debug|Any CPU
		{8EAF0DFE-002D-4B7D-8493-483857873209}.Release|Any CPU.ActiveCfg = Release|Any CPU
		{8EAF0DFE-002D-4B7D-8493-483857873209}.Release|Any CPU.Build.0 = Release|Any CPU
		{94DC9C61-1CD3-48BA-A3CB-983F556D4372}.Debug|Any CPU.ActiveCfg = Debug|Any CPU
		{94DC9C61-1CD3-48BA-A3CB-983F556D4372}.Debug|Any CPU.Build.0 = Debug|Any CPU
		{94DC9C61-1CD3-48BA-A3CB-983F556D4372}.Release|Any CPU.ActiveCfg = Release|Any CPU
		{94DC9C61-1CD3-48BA-A3CB-983F556D4372}.Release|Any CPU.Build.0 = Release|Any CPU
		{127BB308-D579-477D-B8DA-3525082ABA1A}.Debug|Any CPU.ActiveCfg = Debug|Any CPU
		{127BB308-D579-477D-B8DA-3525082ABA1A}.Debug|Any CPU.Build.0 = Debug|Any CPU
		{127BB308-D579-477D-B8DA-3525082ABA1A}.Release|Any CPU.ActiveCfg = Release|Any CPU
		{127BB308-D579-477D-B8DA-3525082ABA1A}.Release|Any CPU.Build.0 = Release|Any CPU
		{1A597C8C-98A1-4517-9CB2-9FE805BBFB5A}.Debug|Any CPU.ActiveCfg = Debug|Any CPU
		{1A597C8C-98A1-4517-9CB2-9FE805BBFB5A}.Debug|Any CPU.Build.0 = Debug|Any CPU
		{1A597C8C-98A1-4517-9CB2-9FE805BBFB5A}.Release|Any CPU.ActiveCfg = Release|Any CPU
		{1A597C8C-98A1-4517-9CB2-9FE805BBFB5A}.Release|Any CPU.Build.0 = Release|Any CPU
		{CA32ABD1-963B-4F0A-825E-0E0484E06D34}.Debug|Any CPU.ActiveCfg = Debug|Any CPU
		{CA32ABD1-963B-4F0A-825E-0E0484E06D34}.Debug|Any CPU.Build.0 = Debug|Any CPU
		{CA32ABD1-963B-4F0A-825E-0E0484E06D34}.Release|Any CPU.ActiveCfg = Release|Any CPU
		{CA32ABD1-963B-4F0A-825E-0E0484E06D34}.Release|Any CPU.Build.0 = Release|Any CPU
		{088D5849-FD7B-4A16-81A6-3A82D2E313E0}.Debug|Any CPU.ActiveCfg = Debug|Any CPU
		{088D5849-FD7B-4A16-81A6-3A82D2E313E0}.Debug|Any CPU.Build.0 = Debug|Any CPU
		{088D5849-FD7B-4A16-81A6-3A82D2E313E0}.Release|Any CPU.ActiveCfg = Release|Any CPU
		{088D5849-FD7B-4A16-81A6-3A82D2E313E0}.Release|Any CPU.Build.0 = Release|Any CPU
		{4D88057C-8E75-4982-A01B-737E79D485B0}.Debug|Any CPU.ActiveCfg = Debug|Any CPU
		{4D88057C-8E75-4982-A01B-737E79D485B0}.Debug|Any CPU.Build.0 = Debug|Any CPU
		{4D88057C-8E75-4982-A01B-737E79D485B0}.Release|Any CPU.ActiveCfg = Release|Any CPU
		{4D88057C-8E75-4982-A01B-737E79D485B0}.Release|Any CPU.Build.0 = Release|Any CPU
	EndGlobalSection
	GlobalSection(SolutionProperties) = preSolution
		HideSolutionNode = FALSE
	EndGlobalSection
	GlobalSection(ExtensibilityGlobals) = postSolution
		SolutionGuid = {2EAADDE2-DEA5-469A-B527-97DA6D25AFF6}
	EndGlobalSection
EndGlobal
