
Microsoft Visual Studio Solution File, Format Version 12.00
# Visual Studio Version 16
VisualStudioVersion = 16.0.29519.181
MinimumVisualStudioVersion = 10.0.40219.1
Project("{FAE04EC0-301F-11D3-BF4B-00C04F79EFBC}") = "Prom.Game.Business", "Prom.Game.Business\Prom.Game.Business.csproj", "{C3368689-8B15-49E8-B54E-E5E834C93F98}"
EndProject
Project("{FAE04EC0-301F-11D3-BF4B-00C04F79EFBC}") = "Prom.Game.Desktop", "Prom.Game.Desktop\Prom.Game.Desktop.csproj", "{B99D3E27-E6AB-44C0-9B4F-3A16C1835F65}"
EndProject
Global
	GlobalSection(SolutionConfigurationPlatforms) = preSolution
		Debug|Any CPU = Debug|Any CPU
		Release|Any CPU = Release|Any CPU
	EndGlobalSection
	GlobalSection(ProjectConfigurationPlatforms) = postSolution
		{C3368689-8B15-49E8-B54E-E5E834C93F98}.Debug|Any CPU.ActiveCfg = Debug|Any CPU
		{C3368689-8B15-49E8-B54E-E5E834C93F98}.Debug|Any CPU.Build.0 = Debug|Any CPU
		{C3368689-8B15-49E8-B54E-E5E834C93F98}.Release|Any CPU.ActiveCfg = Release|Any CPU
		{C3368689-8B15-49E8-B54E-E5E834C93F98}.Release|Any CPU.Build.0 = Release|Any CPU
		{B99D3E27-E6AB-44C0-9B4F-3A16C1835F65}.Debug|Any CPU.ActiveCfg = Debug|Any CPU
		{B99D3E27-E6AB-44C0-9B4F-3A16C1835F65}.Debug|Any CPU.Build.0 = Debug|Any CPU
		{B99D3E27-E6AB-44C0-9B4F-3A16C1835F65}.Release|Any CPU.ActiveCfg = Release|Any CPU
		{B99D3E27-E6AB-44C0-9B4F-3A16C1835F65}.Release|Any CPU.Build.0 = Release|Any CPU
	EndGlobalSection
	GlobalSection(SolutionProperties) = preSolution
		HideSolutionNode = FALSE
	EndGlobalSection
	GlobalSection(ExtensibilityGlobals) = postSolution
		SolutionGuid = {1FF74608-48D6-4F4E-8120-39A74906AE09}
	EndGlobalSection
EndGlobal
