
Microsoft Visual Studio Solution File, Format Version 12.00
# Visual Studio Version 16
VisualStudioVersion = 16.0.29519.181
MinimumVisualStudioVersion = 10.0.40219.1
Project("{FAE04EC0-301F-11D3-BF4B-00C04F79EFBC}") = "Seng.Scenario.Api", "Seng.Scenario.Api\Seng.Scenario.Api.csproj", "{3154373A-9C1E-4A72-A3EE-9D2634EBED2C}"
EndProject
Project("{FAE04EC0-301F-11D3-BF4B-00C04F79EFBC}") = "Seng.Scenario.Business", "Seng.Scenario.Business\Seng.Scenario.Business.csproj", "{DE58DA70-3426-4731-9C36-615CFFA7F352}"
EndProject
Global
	GlobalSection(SolutionConfigurationPlatforms) = preSolution
		Debug|Any CPU = Debug|Any CPU
		Release|Any CPU = Release|Any CPU
	EndGlobalSection
	GlobalSection(ProjectConfigurationPlatforms) = postSolution
		{3154373A-9C1E-4A72-A3EE-9D2634EBED2C}.Debug|Any CPU.ActiveCfg = Debug|Any CPU
		{3154373A-9C1E-4A72-A3EE-9D2634EBED2C}.Debug|Any CPU.Build.0 = Debug|Any CPU
		{3154373A-9C1E-4A72-A3EE-9D2634EBED2C}.Release|Any CPU.ActiveCfg = Release|Any CPU
		{3154373A-9C1E-4A72-A3EE-9D2634EBED2C}.Release|Any CPU.Build.0 = Release|Any CPU
		{DE58DA70-3426-4731-9C36-615CFFA7F352}.Debug|Any CPU.ActiveCfg = Debug|Any CPU
		{DE58DA70-3426-4731-9C36-615CFFA7F352}.Debug|Any CPU.Build.0 = Debug|Any CPU
		{DE58DA70-3426-4731-9C36-615CFFA7F352}.Release|Any CPU.ActiveCfg = Release|Any CPU
		{DE58DA70-3426-4731-9C36-615CFFA7F352}.Release|Any CPU.Build.0 = Release|Any CPU
	EndGlobalSection
	GlobalSection(SolutionProperties) = preSolution
		HideSolutionNode = FALSE
	EndGlobalSection
	GlobalSection(ExtensibilityGlobals) = postSolution
		SolutionGuid = {D2080960-3952-40DA-855E-2C9145EC69DB}
	EndGlobalSection
EndGlobal
